{
  "name": "home work 6",
  "lockfileVersion": 3,
  "requires": true,
  "packages": {
    "": {
      "dependencies": {
        "some-module": "^0.0.3"
      }
    },
    "node_modules/some-module": {
      "version": "0.0.3",
      "resolved": "https://registry.npmjs.org/some-module/-/some-module-0.0.3.tgz",
      "integrity": "sha512-Ek6uk9umSl84zS9J7gmh9Ub0soPuq87/IyOqyRT+iecSO3af8oJpO+N0kO4/nHKCBeFEMm04iEIPolIfWXCzpA==",
      "deprecated": "Module turned out to be not as useful as might have been expected"
    }
  }
}
